
Microsoft Visual Studio Solution File, Format Version 12.00
# Visual Studio Version 17
VisualStudioVersion = 17.13.35818.85 d17.13
MinimumVisualStudioVersion = 10.0.40219.1
Project("{FAE04EC0-301F-11D3-BF4B-00C04F79EFBC}") = "E-project", "E-project\E-project.csproj", "{FCB0237D-8B2C-4E81-8AA0-46B1C593BF09}"
EndProject
Global
	GlobalSection(SolutionConfigurationPlatforms) = preSolution
		Debug|Any CPU = Debug|Any CPU
		Release|Any CPU = Release|Any CPU
	EndGlobalSection
	GlobalSection(ProjectConfigurationPlatforms) = postSolution
		{FCB0237D-8B2C-4E81-8AA0-46B1C593BF09}.Debug|Any CPU.ActiveCfg = Debug|Any CPU
		{FCB0237D-8B2C-4E81-8AA0-46B1C593BF09}.Debug|Any CPU.Build.0 = Debug|Any CPU
		{FCB0237D-8B2C-4E81-8AA0-46B1C593BF09}.Release|Any CPU.ActiveCfg = Release|Any CPU
		{FCB0237D-8B2C-4E81-8AA0-46B1C593BF09}.Release|Any CPU.Build.0 = Release|Any CPU
	EndGlobalSection
	GlobalSection(SolutionProperties) = preSolution
		HideSolutionNode = FALSE
	EndGlobalSection
	GlobalSection(ExtensibilityGlobals) = postSolution
		SolutionGuid = {7D4D067B-2C54-478A-8D81-8064C2CB16BF}
	EndGlobalSection
EndGlobal
